{
  "name": "cloudflare",
  "version": "0.1.0",
  "lockfileVersion": 3,
  "requires": true,
  "packages": {
    "": {
      "name": "cloudflare",
      "version": "0.1.0",
      "dependencies": {
        "@brtmvdl/backend": "^0.14.0",
        "@brtmvdl/database": "^0.4.0",
        "@brtmvdl/logger": "^0.1.1"
      }
    },
    "node_modules/@brtmvdl/backend": {
      "version": "0.14.0",
      "resolved": "https://registry.npmjs.org/@brtmvdl/backend/-/backend-0.14.0.tgz",
      "integrity": "sha512-qJGD9Ja96qjttE7xQUzXOHFH0LC4OFXIyxs+br/MAT05FdbIT35uqOu+ftmjg6Z8K93tju65KGnB+w+j5wfuPQ==",
      "bin": {
        "backend": "bin/index.js"
      }
    },
    "node_modules/@brtmvdl/database": {
      "version": "0.4.0",
      "resolved": "https://registry.npmjs.org/@brtmvdl/database/-/database-0.4.0.tgz",
      "integrity": "sha512-L/kgnJSJJ8TTrn1H+LM/dxs0UNzei/4cYkHDJKsQJqXy7lvJGX3pNGbWxV2gAeR2K501iIsSfgPUpp//7vp7ug==",
      "dependencies": {
        "@brtmvdl/uuid": "^0.2.0"
      },
      "bin": {
        "database": "bin/index.js"
      }
    },
    "node_modules/@brtmvdl/logger": {
      "version": "0.1.1",
      "resolved": "https://registry.npmjs.org/@brtmvdl/logger/-/logger-0.1.1.tgz",
      "integrity": "sha512-CiLtr0KvsiG2pscP/VY2m8/xXhMw+1TIi5X3jYIBqfaj6B8Mk0BGTgkNRuzbK2zYsuAE6lyYrgVA//8uQm6+vg=="
    },
    "node_modules/@brtmvdl/uuid": {
      "version": "0.2.0",
      "resolved": "https://registry.npmjs.org/@brtmvdl/uuid/-/uuid-0.2.0.tgz",
      "integrity": "sha512-DYldjPmwMo7f5sZddFYmzkjJmk4ySLfmK6BApYmLW2V/do5MtJsBbd3TnDEW/vPfP5+ISIsy+oV8NrwR5LhqWg=="
    }
  }
}
